
Microsoft Visual Studio Solution File, Format Version 12.00
# Visual Studio Version 17
VisualStudioVersion = 17.14.36414.22 d17.14
MinimumVisualStudioVersion = 10.0.40219.1
Project("{FAE04EC0-301F-11D3-BF4B-00C04F79EFBC}") = "LibraryStock.App.Clean", "LibraryStock.App.Clean\LibraryStock.App.Clean.csproj", "{C6DA34F8-5225-403F-BCD6-B3899A67AB79}"
EndProject
Global
	GlobalSection(SolutionConfigurationPlatforms) = preSolution
		Debug|Any CPU = Debug|Any CPU
		Release|Any CPU = Release|Any CPU
	EndGlobalSection
	GlobalSection(ProjectConfigurationPlatforms) = postSolution
		{C6DA34F8-5225-403F-BCD6-B3899A67AB79}.Debug|Any CPU.ActiveCfg = Debug|Any CPU
		{C6DA34F8-5225-403F-BCD6-B3899A67AB79}.Debug|Any CPU.Build.0 = Debug|Any CPU
		{C6DA34F8-5225-403F-BCD6-B3899A67AB79}.Release|Any CPU.ActiveCfg = Release|Any CPU
		{C6DA34F8-5225-403F-BCD6-B3899A67AB79}.Release|Any CPU.Build.0 = Release|Any CPU
	EndGlobalSection
	GlobalSection(SolutionProperties) = preSolution
		HideSolutionNode = FALSE
	EndGlobalSection
	GlobalSection(ExtensibilityGlobals) = postSolution
		SolutionGuid = {5A771C1E-01A2-4E05-B9A0-43F272FEDEE8}
	EndGlobalSection
EndGlobal
